
Microsoft Visual Studio Solution File, Format Version 12.00
# Visual Studio 14
VisualStudioVersion = 14.0.25420.1
MinimumVisualStudioVersion = 10.0.40219.1
Project("{FAE04EC0-301F-11D3-BF4B-00C04F79EFBC}") = "Microsoft Graph ASPNET Snippets", "Microsoft Graph ASPNET Snippets\Microsoft Graph ASPNET Snippets.csproj", "{052F0E76-3C47-4AE7-BDB2-BB3679ACCAAD}"
EndProject
Global
	GlobalSection(SolutionConfigurationPlatforms) = preSolution
		Debug|Any CPU = Debug|Any CPU
		Release|Any CPU = Release|Any CPU
	EndGlobalSection
	GlobalSection(ProjectConfigurationPlatforms) = postSolution
		{052F0E76-3C47-4AE7-BDB2-BB3679ACCAAD}.Debug|Any CPU.ActiveCfg = Debug|Any CPU
		{052F0E76-3C47-4AE7-BDB2-BB3679ACCAAD}.Debug|Any CPU.Build.0 = Debug|Any CPU
		{052F0E76-3C47-4AE7-BDB2-BB3679ACCAAD}.Release|Any CPU.ActiveCfg = Release|Any CPU
		{052F0E76-3C47-4AE7-BDB2-BB3679ACCAAD}.Release|Any CPU.Build.0 = Release|Any CPU
	EndGlobalSection
	GlobalSection(SolutionProperties) = preSolution
		HideSolutionNode = FALSE
	EndGlobalSection
EndGlobal
